
Microsoft Visual Studio Solution File, Format Version 12.00
# Visual Studio Version 16
VisualStudioVersion = 16.0.30309.148
MinimumVisualStudioVersion = 10.0.40219.1
Project("{FAE04EC0-301F-11D3-BF4B-00C04F79EFBC}") = "Part 8.5 Assingment - Hangman Lite", "Part 8.5 Assingment - Hangman Lite.csproj", "{B57C8351-2383-4EF1-A509-BF8F397B55CC}"
EndProject
Global
	GlobalSection(SolutionConfigurationPlatforms) = preSolution
		Debug|Any CPU = Debug|Any CPU
		Release|Any CPU = Release|Any CPU
	EndGlobalSection
	GlobalSection(ProjectConfigurationPlatforms) = postSolution
		{B57C8351-2383-4EF1-A509-BF8F397B55CC}.Debug|Any CPU.ActiveCfg = Debug|Any CPU
		{B57C8351-2383-4EF1-A509-BF8F397B55CC}.Debug|Any CPU.Build.0 = Debug|Any CPU
		{B57C8351-2383-4EF1-A509-BF8F397B55CC}.Release|Any CPU.ActiveCfg = Release|Any CPU
		{B57C8351-2383-4EF1-A509-BF8F397B55CC}.Release|Any CPU.Build.0 = Release|Any CPU
	EndGlobalSection
	GlobalSection(SolutionProperties) = preSolution
		HideSolutionNode = FALSE
	EndGlobalSection
	GlobalSection(ExtensibilityGlobals) = postSolution
		SolutionGuid = {AF0CF8F9-FA52-424E-8A91-5DEC42BDE982}
	EndGlobalSection
EndGlobal
